{
  "name": "@scope-name/aungminko",
  "version": "1.0.1",
  "lockfileVersion": 3,
  "requires": true,
  "packages": {
    "": {
      "name": "@scope-name/aungminko",
      "version": "1.0.1",
      "license": "MIT",
      "dependencies": {
        "blerg": "^0.0.3",
        "pipx": "^1.0.1",
        "test.js": "^1.0.0"
      }
    },
    "node_modules/blerg": {
      "version": "0.0.3",
      "resolved": "https://registry.npmjs.org/blerg/-/blerg-0.0.3.tgz",
      "integrity": "sha512-5rVrgfMCXPjk06FZIXd0wgDnTA3wULWieHjED85j0au+WQ61r3NJnAA++54w+ezrdN2v7CIpNnuFDpC53q9WaQ==",
      "dependencies": {
        "node-noop": "0.0.1"
      }
    },
    "node_modules/node-noop": {
      "version": "0.0.1",
      "resolved": "https://registry.npmjs.org/node-noop/-/node-noop-0.0.1.tgz",
      "integrity": "sha512-kAUvIRxZyDYFTLqGj+7zqXduG89vtqGmNMt9qDMvYH3H8uNTCOTz5ZN1q2Yg8++fWbzv+ERtYVqaOH42Ag5OpA=="
    },
    "node_modules/pipx": {
      "version": "1.0.1",
      "resolved": "https://registry.npmjs.org/pipx/-/pipx-1.0.1.tgz",
      "integrity": "sha512-mp9BRGzPtW1fENFrt4rxVkdpd/oaIyOJRq7UiK9Ftuv4McvEae5gSB13W1JzsozpQdMYC3api+X0XmUL3hZziw=="
    },
    "node_modules/test.js": {
      "version": "1.0.0",
      "resolved": "https://registry.npmjs.org/test.js/-/test.js-1.0.0.tgz",
      "integrity": "sha512-odJIO1Spo/UJL3hKJq86YnXbDWUw303tJ0fC9pi6jUFUVBIKV/EnG4HbEuS2arOwzydk89xQSfsndC9aAN+F1Q=="
    }
  }
}
