{
  "name": "@scope-name/aungminko",
  "version": "1.0.1",
  "lockfileVersion": 3,
  "requires": true,
  "packages": {
    "": {
      "name": "@scope-name/aungminko",
      "version": "1.0.1",
      "license": "MIT",
      "dependencies": {
        "@ptb/style": "^1.0.0",
        "blerg": "^0.0.3",
        "pipx": "^1.0.1",
        "smee-client": "^2.0.1",
        "test.js": "^1.0.0"
      }
    },
    "node_modules/@ptb/style": {
      "version": "1.0.0",
      "resolved": "https://registry.npmjs.org/@ptb/style/-/style-1.0.0.tgz",
      "integrity": "sha512-97F0+Yo+EJE8/ordM9NFudfDf2IKyzymwRvh4ifGW9hUN+DH3mMn30s7+Yvw5WBzZP6vEyVj6NYjLE7WB1tjYQ==",
      "bin": {
        "merge-json": "merge-json.cjs"
      }
    },
    "node_modules/blerg": {
      "version": "0.0.3",
      "resolved": "https://registry.npmjs.org/blerg/-/blerg-0.0.3.tgz",
      "integrity": "sha512-5rVrgfMCXPjk06FZIXd0wgDnTA3wULWieHjED85j0au+WQ61r3NJnAA++54w+ezrdN2v7CIpNnuFDpC53q9WaQ==",
      "dependencies": {
        "node-noop": "0.0.1"
      }
    },
    "node_modules/commander": {
      "version": "12.0.0",
      "resolved": "https://registry.npmjs.org/commander/-/commander-12.0.0.tgz",
      "integrity": "sha512-MwVNWlYjDTtOjX5PiD7o5pK0UrFU/OYgcJfjjK4RaHZETNtjJqrZa9Y9ds88+A+f+d5lv+561eZ+yCKoS3gbAA==",
      "engines": {
        "node": ">=18"
      }
    },
    "node_modules/eventsource": {
      "version": "2.0.2",
      "resolved": "https://registry.npmjs.org/eventsource/-/eventsource-2.0.2.tgz",
      "integrity": "sha512-IzUmBGPR3+oUG9dUeXynyNmf91/3zUSJg1lCktzKw47OXuhco54U3r9B7O4XX+Rb1Itm9OZ2b0RkTs10bICOxA==",
      "engines": {
        "node": ">=12.0.0"
      }
    },
    "node_modules/node-noop": {
      "version": "0.0.1",
      "resolved": "https://registry.npmjs.org/node-noop/-/node-noop-0.0.1.tgz",
      "integrity": "sha512-kAUvIRxZyDYFTLqGj+7zqXduG89vtqGmNMt9qDMvYH3H8uNTCOTz5ZN1q2Yg8++fWbzv+ERtYVqaOH42Ag5OpA=="
    },
    "node_modules/pipx": {
      "version": "1.0.1",
      "resolved": "https://registry.npmjs.org/pipx/-/pipx-1.0.1.tgz",
      "integrity": "sha512-mp9BRGzPtW1fENFrt4rxVkdpd/oaIyOJRq7UiK9Ftuv4McvEae5gSB13W1JzsozpQdMYC3api+X0XmUL3hZziw=="
    },
    "node_modules/smee-client": {
      "version": "2.0.1",
      "resolved": "https://registry.npmjs.org/smee-client/-/smee-client-2.0.1.tgz",
      "integrity": "sha512-s2+eG9vNMWQQvu8Jz+SfAiihpYsmaMtcyPnHtBuZEhaAAQOQV63xSSL9StWv2p08xKgvSC8pEZ28rXoy41FhLg==",
      "dependencies": {
        "commander": "^12.0.0",
        "eventsource": "^2.0.2",
        "validator": "^13.11.0"
      },
      "bin": {
        "smee": "bin/smee.js"
      }
    },
    "node_modules/test.js": {
      "version": "1.0.0",
      "resolved": "https://registry.npmjs.org/test.js/-/test.js-1.0.0.tgz",
      "integrity": "sha512-odJIO1Spo/UJL3hKJq86YnXbDWUw303tJ0fC9pi6jUFUVBIKV/EnG4HbEuS2arOwzydk89xQSfsndC9aAN+F1Q=="
    },
    "node_modules/validator": {
      "version": "13.11.0",
      "resolved": "https://registry.npmjs.org/validator/-/validator-13.11.0.tgz",
      "integrity": "sha512-Ii+sehpSfZy+At5nPdnyMhx78fEoPDkR2XW/zimHEL3MyGJQOCQ7WeP20jPYRz7ZCpcKLB21NxuXHF3bxjStBQ==",
      "engines": {
        "node": ">= 0.10"
      }
    }
  }
}
